
Microsoft Visual Studio Solution File, Format Version 12.00
# Visual Studio Version 16
VisualStudioVersion = 16.0.31005.135
MinimumVisualStudioVersion = 10.0.40219.1
Project("{9A19103F-16F7-4668-BE54-9A1E7A4F7556}") = "TRTutorialMod", "TRTutorialMod.csproj", "{20800CAE-DD12-498F-80C8-5CFBE85A6D14}"
EndProject
Global
	GlobalSection(SolutionConfigurationPlatforms) = preSolution
		Debug|Any CPU = Debug|Any CPU
		Release|Any CPU = Release|Any CPU
	EndGlobalSection
	GlobalSection(ProjectConfigurationPlatforms) = postSolution
		{20800CAE-DD12-498F-80C8-5CFBE85A6D14}.Debug|Any CPU.ActiveCfg = Debug|Any CPU
		{20800CAE-DD12-498F-80C8-5CFBE85A6D14}.Debug|Any CPU.Build.0 = Debug|Any CPU
		{20800CAE-DD12-498F-80C8-5CFBE85A6D14}.Release|Any CPU.ActiveCfg = Release|Any CPU
		{20800CAE-DD12-498F-80C8-5CFBE85A6D14}.Release|Any CPU.Build.0 = Release|Any CPU
	EndGlobalSection
	GlobalSection(SolutionProperties) = preSolution
		HideSolutionNode = FALSE
	EndGlobalSection
	GlobalSection(ExtensibilityGlobals) = postSolution
		SolutionGuid = {8F5CA0BF-B1FC-4385-9F96-F7E785DE56F1}
	EndGlobalSection
EndGlobal
